
Microsoft Visual Studio Solution File, Format Version 12.00
# Visual Studio Version 17
VisualStudioVersion = 17.8.34525.116
MinimumVisualStudioVersion = 10.0.40219.1
Project("{FAE04EC0-301F-11D3-BF4B-00C04F79EFBC}") = "Cinema", "Cinema.csproj", "{974B2E75-1BD0-4F93-B256-F7F139B672ED}"
EndProject
Global
	GlobalSection(SolutionConfigurationPlatforms) = preSolution
		Debug|Any CPU = Debug|Any CPU
		Release|Any CPU = Release|Any CPU
	EndGlobalSection
	GlobalSection(ProjectConfigurationPlatforms) = postSolution
		{974B2E75-1BD0-4F93-B256-F7F139B672ED}.Debug|Any CPU.ActiveCfg = Debug|Any CPU
		{974B2E75-1BD0-4F93-B256-F7F139B672ED}.Debug|Any CPU.Build.0 = Debug|Any CPU
		{974B2E75-1BD0-4F93-B256-F7F139B672ED}.Release|Any CPU.ActiveCfg = Release|Any CPU
		{974B2E75-1BD0-4F93-B256-F7F139B672ED}.Release|Any CPU.Build.0 = Release|Any CPU
	EndGlobalSection
	GlobalSection(SolutionProperties) = preSolution
		HideSolutionNode = FALSE
	EndGlobalSection
	GlobalSection(ExtensibilityGlobals) = postSolution
		SolutionGuid = {0E9FC105-6FE8-4FC5-A5FD-DF601825A5E6}
	EndGlobalSection
EndGlobal
